
Microsoft Visual Studio Solution File, Format Version 12.00
# Visual Studio Version 17
VisualStudioVersion = 17.6.33801.468
MinimumVisualStudioVersion = 10.0.40219.1
Project("{FAE04EC0-301F-11D3-BF4B-00C04F79EFBC}") = "Calendario.Android", "Calendario.Android\Calendario.Android.csproj", "{3C9BB24D-9BB5-430B-BAAF-63D8132C0FAD}"
EndProject
Project("{FAE04EC0-301F-11D3-BF4B-00C04F79EFBC}") = "Calendario", "Calendario\Calendario.csproj", "{8A0F3FBB-6504-43A3-9949-EE2A3DFFD75A}"
EndProject
Global
	GlobalSection(SolutionConfigurationPlatforms) = preSolution
		Debug|Any CPU = Debug|Any CPU
		Release|Any CPU = Release|Any CPU
	EndGlobalSection
	GlobalSection(ProjectConfigurationPlatforms) = postSolution
		{3C9BB24D-9BB5-430B-BAAF-63D8132C0FAD}.Debug|Any CPU.ActiveCfg = Debug|Any CPU
		{3C9BB24D-9BB5-430B-BAAF-63D8132C0FAD}.Debug|Any CPU.Build.0 = Debug|Any CPU
		{3C9BB24D-9BB5-430B-BAAF-63D8132C0FAD}.Debug|Any CPU.Deploy.0 = Debug|Any CPU
		{3C9BB24D-9BB5-430B-BAAF-63D8132C0FAD}.Release|Any CPU.ActiveCfg = Release|Any CPU
		{3C9BB24D-9BB5-430B-BAAF-63D8132C0FAD}.Release|Any CPU.Build.0 = Release|Any CPU
		{3C9BB24D-9BB5-430B-BAAF-63D8132C0FAD}.Release|Any CPU.Deploy.0 = Release|Any CPU
		{8A0F3FBB-6504-43A3-9949-EE2A3DFFD75A}.Debug|Any CPU.ActiveCfg = Debug|Any CPU
		{8A0F3FBB-6504-43A3-9949-EE2A3DFFD75A}.Debug|Any CPU.Build.0 = Debug|Any CPU
		{8A0F3FBB-6504-43A3-9949-EE2A3DFFD75A}.Debug|Any CPU.Deploy.0 = Debug|Any CPU
		{8A0F3FBB-6504-43A3-9949-EE2A3DFFD75A}.Release|Any CPU.ActiveCfg = Release|Any CPU
		{8A0F3FBB-6504-43A3-9949-EE2A3DFFD75A}.Release|Any CPU.Build.0 = Release|Any CPU
		{8A0F3FBB-6504-43A3-9949-EE2A3DFFD75A}.Release|Any CPU.Deploy.0 = Release|Any CPU
	EndGlobalSection
	GlobalSection(SolutionProperties) = preSolution
		HideSolutionNode = FALSE
	EndGlobalSection
	GlobalSection(ExtensibilityGlobals) = postSolution
		SolutionGuid = {85785119-67B7-47A6-AD5F-7E5D86281DE5}
	EndGlobalSection
EndGlobal
